
Microsoft Visual Studio Solution File, Format Version 11.00
# Visual Studio 2010
# SharpDevelop 4.4
Project("{FAE04EC0-301F-11D3-BF4B-00C04F79EFBC}") = "Verification", "TestIOCard\Verification.csproj", "{EAABEAFB-CB6E-4CF8-9107-4B901B99E9E6}"
EndProject
Global
	GlobalSection(SolutionConfigurationPlatforms) = preSolution
		Debug|Any CPU = Debug|Any CPU
		Release|Any CPU = Release|Any CPU
	EndGlobalSection
	GlobalSection(ProjectConfigurationPlatforms) = postSolution
		{EAABEAFB-CB6E-4CF8-9107-4B901B99E9E6}.Debug|Any CPU.Build.0 = Debug|Any CPU
		{EAABEAFB-CB6E-4CF8-9107-4B901B99E9E6}.Debug|Any CPU.ActiveCfg = Debug|Any CPU
		{EAABEAFB-CB6E-4CF8-9107-4B901B99E9E6}.Release|Any CPU.Build.0 = Release|Any CPU
		{EAABEAFB-CB6E-4CF8-9107-4B901B99E9E6}.Release|Any CPU.ActiveCfg = Release|Any CPU
	EndGlobalSection
EndGlobal
